
Microsoft Visual Studio Solution File, Format Version 12.00
# Visual Studio Version 17
VisualStudioVersion = 17.9.34622.214
MinimumVisualStudioVersion = 10.0.40219.1
Project("{888888A0-9F3D-457C-B088-3A5042F75D52}") = "TimeChecker", "TimeChecker.pyproj", "{123868C7-7463-453D-85C1-A4647AEBE517}"
EndProject
Global
	GlobalSection(SolutionConfigurationPlatforms) = preSolution
		Debug|Any CPU = Debug|Any CPU
		Release|Any CPU = Release|Any CPU
	EndGlobalSection
	GlobalSection(ProjectConfigurationPlatforms) = postSolution
		{123868C7-7463-453D-85C1-A4647AEBE517}.Debug|Any CPU.ActiveCfg = Debug|Any CPU
		{123868C7-7463-453D-85C1-A4647AEBE517}.Release|Any CPU.ActiveCfg = Release|Any CPU
	EndGlobalSection
	GlobalSection(SolutionProperties) = preSolution
		HideSolutionNode = FALSE
	EndGlobalSection
	GlobalSection(ExtensibilityGlobals) = postSolution
		SolutionGuid = {54495D83-3B61-4FD8-8D16-FCCDF731D937}
	EndGlobalSection
EndGlobal
